
Microsoft Visual Studio Solution File, Format Version 12.00
# Visual Studio Version 17
VisualStudioVersion = 17.8.34511.84
MinimumVisualStudioVersion = 10.0.40219.1
Project("{FAE04EC0-301F-11D3-BF4B-00C04F79EFBC}") = "MarsOnboardingTask1", "MarsOnboardingTask1.csproj", "{3CA0DC44-ACF3-48D5-B07C-A7B927BECB48}"
EndProject
Global
	GlobalSection(SolutionConfigurationPlatforms) = preSolution
		Debug|Any CPU = Debug|Any CPU
		Release|Any CPU = Release|Any CPU
	EndGlobalSection
	GlobalSection(ProjectConfigurationPlatforms) = postSolution
		{3CA0DC44-ACF3-48D5-B07C-A7B927BECB48}.Debug|Any CPU.ActiveCfg = Debug|Any CPU
		{3CA0DC44-ACF3-48D5-B07C-A7B927BECB48}.Debug|Any CPU.Build.0 = Debug|Any CPU
		{3CA0DC44-ACF3-48D5-B07C-A7B927BECB48}.Release|Any CPU.ActiveCfg = Release|Any CPU
		{3CA0DC44-ACF3-48D5-B07C-A7B927BECB48}.Release|Any CPU.Build.0 = Release|Any CPU
	EndGlobalSection
	GlobalSection(SolutionProperties) = preSolution
		HideSolutionNode = FALSE
	EndGlobalSection
	GlobalSection(ExtensibilityGlobals) = postSolution
		SolutionGuid = {5C475EEF-EC64-4439-B3A5-682667F5EFBE}
	EndGlobalSection
EndGlobal
